<Solution>
  <Project Path="ConsoleApp01/ConsoleApp01.csproj" />
  <Project Path="ConsoleApp2/ConsoleApp2.csproj" />
  <Project Path="Prac03Syntax/Prac03Syntax.csproj" />
  <Project Path="Prac04Collection/Prac04Collection.csproj" />
  <Project Path="Prac05Exception/Prac05Exception.csproj" />
  <Project Path="Prac06.Arrange/Prac06.Arrange.csproj" />
</Solution>
